
Microsoft Visual Studio Solution File, Format Version 12.00
# Visual Studio Version 17
VisualStudioVersion = 17.7.34221.43
MinimumVisualStudioVersion = 10.0.40219.1
Project("{FAE04EC0-301F-11D3-BF4B-00C04F79EFBC}") = "WindowsFormsApp3", "WindowsFormsApp3\WindowsFormsApp3.csproj", "{6FF0EEDE-BC52-4ACD-988E-C556BAEF19A4}"
EndProject
Global
	GlobalSection(SolutionConfigurationPlatforms) = preSolution
		Debug|Any CPU = Debug|Any CPU
		Release|Any CPU = Release|Any CPU
	EndGlobalSection
	GlobalSection(ProjectConfigurationPlatforms) = postSolution
		{6FF0EEDE-BC52-4ACD-988E-C556BAEF19A4}.Debug|Any CPU.ActiveCfg = Debug|Any CPU
		{6FF0EEDE-BC52-4ACD-988E-C556BAEF19A4}.Debug|Any CPU.Build.0 = Debug|Any CPU
		{6FF0EEDE-BC52-4ACD-988E-C556BAEF19A4}.Release|Any CPU.ActiveCfg = Release|Any CPU
		{6FF0EEDE-BC52-4ACD-988E-C556BAEF19A4}.Release|Any CPU.Build.0 = Release|Any CPU
	EndGlobalSection
	GlobalSection(SolutionProperties) = preSolution
		HideSolutionNode = FALSE
	EndGlobalSection
	GlobalSection(ExtensibilityGlobals) = postSolution
		SolutionGuid = {52D34D48-0324-4C0E-986A-F41F7A560F46}
	EndGlobalSection
EndGlobal
